
Microsoft Visual Studio Solution File, Format Version 12.00
# Visual Studio Version 17
VisualStudioVersion = 17.10.35013.160
MinimumVisualStudioVersion = 10.0.40219.1
Project("{FAE04EC0-301F-11D3-BF4B-00C04F79EFBC}") = "DotNet Playground", "DotNet Playground.csproj", "{730B327C-95C2-440F-B56C-9AFB76DE3054}"
EndProject
Global
	GlobalSection(SolutionConfigurationPlatforms) = preSolution
		Debug|Any CPU = Debug|Any CPU
		Release|Any CPU = Release|Any CPU
	EndGlobalSection
	GlobalSection(ProjectConfigurationPlatforms) = postSolution
		{730B327C-95C2-440F-B56C-9AFB76DE3054}.Debug|Any CPU.ActiveCfg = Debug|Any CPU
		{730B327C-95C2-440F-B56C-9AFB76DE3054}.Debug|Any CPU.Build.0 = Debug|Any CPU
		{730B327C-95C2-440F-B56C-9AFB76DE3054}.Release|Any CPU.ActiveCfg = Release|Any CPU
		{730B327C-95C2-440F-B56C-9AFB76DE3054}.Release|Any CPU.Build.0 = Release|Any CPU
	EndGlobalSection
	GlobalSection(SolutionProperties) = preSolution
		HideSolutionNode = FALSE
	EndGlobalSection
	GlobalSection(ExtensibilityGlobals) = postSolution
		SolutionGuid = {CF632619-A2D7-44CB-97E8-A67A4863F60B}
	EndGlobalSection
EndGlobal
